// !$*UTF8*$!
{
	archiveVersion = 1;
	classes = {
	};
	objectVersion = 50;
	objects = {

/* Begin PBXBuildFile section */
		108ECF0722B6FFF800A6A32A /* AppDelegate.swift in Sources */ = {isa = PBXBuildFile; fileRef = 108ECF0622B6FFF800A6A32A /* AppDelegate.swift */; };
		108ECF0922B6FFF800A6A32A /* ViewController.swift in Sources */ = {isa = PBXBuildFile; fileRef = 108ECF0822B6FFF800A6A32A /* ViewController.swift */; };
		108ECF0C22B6FFF800A6A32A /* Main.storyboard in Resources */ = {isa = PBXBuildFile; fileRef = 108ECF0A22B6FFF800A6A32A /* Main.storyboard */; };
		108ECF0E22B6FFFA00A6A32A /* Assets.xcassets in Resources */ = {isa = PBXBuildFile; fileRef = 108ECF0D22B6FFFA00A6A32A /* Assets.xcassets */; };
		108ECF1122B6FFFA00A6A32A /* LaunchScreen.storyboard in Resources */ = {isa = PBXBuildFile; fileRef = 108ECF0F22B6FFFA00A6A32A /* LaunchScreen.storyboard */; };
/* End PBXBuildFile section */

/* Begin PBXFileReference section */
		108ECF0322B6FFF800A6A32A /* AiTmedPortal.app */ = {isa = PBXFileReference; explicitFileType = wrapper.application; includeInIndex = 0; path = AiTmedPortal.app; sourceTree = BUILT_PRODUCTS_DIR; };
		108ECF0622B6FFF800A6A32A /* AppDelegate.swift */ = {isa = PBXFileReference; lastKnownFileType = sourcecode.swift; path = AppDelegate.swift; sourceTree = "<group>"; };
		108ECF0822B6FFF800A6A32A /* ViewController.swift */ = {isa = PBXFileReference; lastKnownFileType = sourcecode.swift; path = ViewController.swift; sourceTree = "<group>"; };
		108ECF0B22B6FFF800A6A32A /* Base */ = {isa = PBXFileReference; lastKnownFileType = file.storyboard; name = Base; path = Base.lproj/Main.storyboard; sourceTree = "<group>"; };
		108ECF0D22B6FFFA00A6A32A /* Assets.xcassets */ = {isa = PBXFileReference; lastKnownFileType = folder.assetcatalog; path = Assets.xcassets; sourceTree = "<group>"; };
		108ECF1022B6FFFA00A6A32A /* Base */ = {isa = PBXFileReference; lastKnownFileType = file.storyboard; name = Base; path = Base.lproj/LaunchScreen.storyboard; sourceTree = "<group>"; };
		108ECF1222B6FFFA00A6A32A /* Info.plist */ = {isa = PBXFileReference; lastKnownFileType = text.plist.xml; path = Info.plist; sourceTree = "<group>"; };
/* End PBXFileReference section */

/* Begin PBXFrameworksBuildPhase section */
		108ECF0022B6FFF800A6A32A /* Frameworks */ = {
			isa = PBXFrameworksBuildPhase;
			buildActionMask = 2147483647;
			files = (
			);
			runOnlyForDeploymentPostprocessing = 0;
		};
/* End PBXFrameworksBuildPhase section */

/* Begin PBXGroup section */
		108ECEFA22B6FFF700A6A32A = {
			isa = PBXGroup;
			children = (
				108ECF0522B6FFF800A6A32A /* AiTmedPortal */,
				108ECF0422B6FFF800A6A32A /* Products */,
			);
			sourceTree = "<group>";
		};
		108ECF0422B6FFF800A6A32A /* Products */ = {
			isa = PBXGroup;
			children = (
				108ECF0322B6FFF800A6A32A /* AiTmedPortal.app */,
			);
			name = Products;
			sourceTree = "<group>";
		};
		108ECF0522B6FFF800A6A32A /* AiTmedPortal */ = {
			isa = PBXGroup;
			children = (
				108ECF0622B6FFF800A6A32A /* AppDelegate.swift */,
				108ECF0822B6FFF800A6A32A /* ViewController.swift */,
				108ECF0A22B6FFF800A6A32A /* Main.storyboard */,
				108ECF0D22B6FFFA00A6A32A /* Assets.xcassets */,
				108ECF0F22B6FFFA00A6A32A /* LaunchScreen.storyboard */,
				108ECF1222B6FFFA00A6A32A /* Info.plist */,
			);
			path = AiTmedPortal;
			sourceTree = "<group>";
		};
/* End PBXGroup section */

/* Begin PBXNativeTarget section */
		108ECF0222B6FFF800A6A32A /* AiTmedPortal */ = {
			isa = PBXNativeTarget;
			buildConfigurationList = 108ECF1522B6FFFA00A6A32A /* Build configuration list for PBXNativeTarget "AiTmedPortal" */;
			buildPhases = (
				108ECEFF22B6FFF800A6A32A /* Sources */,
				108ECF0022B6FFF800A6A32A /* Frameworks */,
				108ECF0122B6FFF800A6A32A /* Resources */,
			);
			buildRules = (
			);
			dependencies = (
			);
			name = AiTmedPortal;
			productName = AiTmedPortal;
			productReference = 108ECF0322B6FFF800A6A32A /* AiTmedPortal.app */;
			productType = "com.apple.product-type.application";
		};
/* End PBXNativeTarget section */

/* Begin PBXProject section */
		108ECEFB22B6FFF700A6A32A /* Project object */ = {
			isa = PBXProject;
			attributes = {
				LastSwiftUpdateCheck = 1020;
				LastUpgradeCheck = 1020;
				ORGANIZATIONNAME = tongyi;
				TargetAttributes = {
					108ECF0222B6FFF800A6A32A = {
						CreatedOnToolsVersion = 10.2;
					};
				};
			};
			buildConfigurationList = 108ECEFE22B6FFF700A6A32A /* Build configuration list for PBXProject "AiTmedPortal" */;
			compatibilityVersion = "Xcode 9.3";
			developmentRegion = en;
			hasScannedForEncodings = 0;
			knownRegions = (
				en,
				Base,
			);
			mainGroup = 108ECEFA22B6FFF700A6A32A;
			productRefGroup = 108ECF0422B6FFF800A6A32A /* Products */;
			projectDirPath = "";
			projectRoot = "";
			targets = (
				108ECF0222B6FFF800A6A32A /* AiTmedPortal */,
			);
		};
/* End PBXProject section */

/* Begin PBXResourcesBuildPhase section */
		108ECF0122B6FFF800A6A32A /* Resources */ = {
			isa = PBXResourcesBuildPhase;
			buildActionMask = 2147483647;
			files = (
				108ECF1122B6FFFA00A6A32A /* LaunchScreen.storyboard in Resources */,
				108ECF0E22B6FFFA00A6A32A /* Assets.xcassets in Resources */,
				108ECF0C22B6FFF800A6A32A /* Main.storyboard in Resources */,
			);
			runOnlyForDeploymentPostprocessing = 0;
		};
/* End PBXResourcesBuildPhase section */

/* Begin PBXSourcesBuildPhase section */
		108ECEFF22B6FFF800A6A32A /* Sources */ = {
			isa = PBXSourcesBuildPhase;
			buildActionMask = 2147483647;
			files = (
				108ECF0922B6FFF800A6A32A /* ViewController.swift in Sources */,
				108ECF0722B6FFF800A6A32A /* AppDelegate.swift in Sources */,
			);
			runOnlyForDeploymentPostprocessing = 0;
		};
/* End PBXSourcesBuildPhase section */

/* Begin PBXVariantGroup section */
		108ECF0A22B6FFF800A6A32A /* Main.storyboard */ = {
			isa = PBXVariantGroup;
			children = (
				108ECF0B22B6FFF800A6A32A /* Base */,
			);
			name = Main.storyboard;
			sourceTree = "<group>";
		};
		108ECF0F22B6FFFA00A6A32A /* LaunchScreen.storyboard */ = {
			isa = PBXVariantGroup;
			children = (
				108ECF1022B6FFFA00A6A32A /* Base */,
			);
			name = LaunchScreen.storyboard;
			sourceTree = "<group>";
		};
/* End PBXVariantGroup section */

/* Begin XCBuildConfiguration section */
		108ECF1322B6FFFA00A6A32A /* Debug */ = {
			isa = XCBuildConfiguration;
			buildSettings = {
				ALWAYS_SEARCH_USER_PATHS = NO;
				CLANG_ANALYZER_NONNULL = YES;
				CLANG_ANALYZER_NUMBER_OBJECT_CONVERSION = YES_AGGRESSIVE;
				CLANG_CXX_LANGUAGE_STANDARD = "gnu++14";
				CLANG_CXX_LIBRARY = "libc++";
				CLANG_ENABLE_MODULES = YES;
				CLANG_ENABLE_OBJC_ARC = YES;
				CLANG_ENABLE_OBJC_WEAK = YES;
				CLANG_WARN_BLOCK_CAPTURE_AUTORELEASING = YES;
				CLANG_WARN_BOOL_CONVERSION = YES;
				CLANG_WARN_COMMA = YES;
				CLANG_WARN_CONSTANT_CONVERSION = YES;
				CLANG_WARN_DEPRECATED_OBJC_IMPLEMENTATIONS = YES;
				CLANG_WARN_DIRECT_OBJC_ISA_USAGE = YES_ERROR;
				CLANG_WARN_DOCUMENTATION_COMMENTS = YES;
				CLANG_WARN_EMPTY_BODY = YES;
				CLANG_WARN_ENUM_CONVERSION = YES;
				CLANG_WARN_INFINITE_RECURSION = YES;
				CLANG_WARN_INT_CONVERSION = YES;
				CLANG_WARN_NON_LITERAL_NULL_CONVERSION = YES;
				CLANG_WARN_OBJC_IMPLICIT_RETAIN_SELF = YES;
				CLANG_WARN_OBJC_LITERAL_CONVERSION = YES;
				CLANG_WARN_OBJC_ROOT_CLASS = YES_ERROR;
				CLANG_WARN_RANGE_LOOP_ANALYSIS = YES;
				CLANG_WARN_STRICT_PROTOTYPES = YES;
				CLANG_WARN_SUSPICIOUS_MOVE = YES;
				CLANG_WARN_UNGUARDED_AVAILABILITY = YES_AGGRESSIVE;
				CLANG_WARN_UNREACHABLE_CODE = YES;
				CLANG_WARN__DUPLICATE_METHOD_MATCH = YES;
				CODE_SIGN_IDENTITY = "iPhone Developer";
				COPY_PHASE_STRIP = NO;
				DEBUG_INFORMATION_FORMAT = dwarf;
				ENABLE_STRICT_OBJC_MSGSEND = YES;
				ENABLE_TESTABILITY = YES;
				GCC_C_LANGUAGE_STANDARD = gnu11;
				GCC_DYNAMIC_NO_PIC = NO;
				GCC_NO_COMMON_BLOCKS = YES;
				GCC_OPTIMIZATION_LEVEL = 0;
				GCC_PREPROCESSOR_DEFINITIONS = (
					"DEBUG=1",
					"$(inherited)",
				);
				GCC_WARN_64_TO_32_BIT_CONVERSION = YES;
				GCC_WARN_ABOUT_RETURN_TYPE = YES_ERROR;
				GCC_WARN_UNDECLARED_SELECTOR = YES;
				GCC_WARN_UNINITIALIZED_AUTOS = YES_AGGRESSIVE;
				GCC_WARN_UNUSED_FUNCTION = YES;
				GCC_WARN_UNUSED_VARIABLE = YES;
				IPHONEOS_DEPLOYMENT_TARGET = 12.2;
				MTL_ENABLE_DEBUG_INFO = INCLUDE_SOURCE;
				MTL_FAST_MATH = YES;
				ONLY_ACTIVE_ARCH = YES;
				SDKROOT = iphoneos;
				SWIFT_ACTIVE_COMPILATION_CONDITIONS = DEBUG;
				SWIFT_OPTIMIZATION_LEVEL = "-Onone";
			};
			name = Debug;
		};
		108ECF1422B6FFFA00A6A32A /* Release */ = {
			isa = XCBuildConfiguration;
			buildSettings = {
				ALWAYS_SEARCH_USER_PATHS = NO;
				CLANG_ANALYZER_NONNULL = YES;
				CLANG_ANALYZER_NUMBER_OBJECT_CONVERSION = YES_AGGRESSIVE;
				CLANG_CXX_LANGUAGE_STANDARD = "gnu++14";
				CLANG_CXX_LIBRARY = "libc++";
				CLANG_ENABLE_MODULES = YES;
				CLANG_ENABLE_OBJC_ARC = YES;
				CLANG_ENABLE_OBJC_WEAK = YES;
				CLANG_WARN_BLOCK_CAPTURE_AUTORELEASING = YES;
				CLANG_WARN_BOOL_CONVERSION = YES;
				CLANG_WARN_COMMA = YES;
				CLANG_WARN_CONSTANT_CONVERSION = YES;
				CLANG_WARN_DEPRECATED_OBJC_IMPLEMENTATIONS = YES;
				CLANG_WARN_DIRECT_OBJC_ISA_USAGE = YES_ERROR;
				CLANG_WARN_DOCUMENTATION_COMMENTS = YES;
				CLANG_WARN_EMPTY_BODY = YES;
				CLANG_WARN_ENUM_CONVERSION = YES;
				CLANG_WARN_INFINITE_RECURSION = YES;
				CLANG_WARN_INT_CONVERSION = YES;
				CLANG_WARN_NON_LITERAL_NULL_CONVERSION = YES;
				CLANG_WARN_OBJC_IMPLICIT_RETAIN_SELF = YES;
				CLANG_WARN_OBJC_LITERAL_CONVERSION = YES;
				CLANG_WARN_OBJC_ROOT_CLASS = YES_ERROR;
				CLANG_WARN_RANGE_LOOP_ANALYSIS = YES;
				CLANG_WARN_STRICT_PROTOTYPES = YES;
				CLANG_WARN_SUSPICIOUS_MOVE = YES;
				CLANG_WARN_UNGUARDED_AVAILABILITY = YES_AGGRESSIVE;
				CLANG_WARN_UNREACHABLE_CODE = YES;
				CLANG_WARN__DUPLICATE_METHOD_MATCH = YES;
				CODE_SIGN_IDENTITY = "iPhone Developer";
				COPY_PHASE_STRIP = NO;
				DEBUG_INFORMATION_FORMAT = "dwarf-with-dsym";
				ENABLE_NS_ASSERTIONS = NO;
				ENABLE_STRICT_OBJC_MSGSEND = YES;
				GCC_C_LANGUAGE_STANDARD = gnu11;
				GCC_NO_COMMON_BLOCKS = YES;
				GCC_WARN_64_TO_32_BIT_CONVERSION = YES;
				GCC_WARN_ABOUT_RETURN_TYPE = YES_ERROR;
				GCC_WARN_UNDECLARED_SELECTOR = YES;
				GCC_WARN_UNINITIALIZED_AUTOS = YES_AGGRESSIVE;
				GCC_WARN_UNUSED_FUNCTION = YES;
				GCC_WARN_UNUSED_VARIABLE = YES;
				IPHONEOS_DEPLOYMENT_TARGET = 12.2;
				MTL_ENABLE_DEBUG_INFO = NO;
				MTL_FAST_MATH = YES;
				SDKROOT = iphoneos;
				SWIFT_COMPILATION_MODE = wholemodule;
				SWIFT_OPTIMIZATION_LEVEL = "-O";
				VALIDATE_PRODUCT = YES;
			};
			name = Release;
		};
		108ECF1622B6FFFA00A6A32A /* Debug */ = {
			isa = XCBuildConfiguration;
			buildSettings = {
				ASSETCATALOG_COMPILER_APPICON_NAME = AppIcon;
				CODE_SIGN_STYLE = Automatic;
				DEVELOPMENT_TEAM = DKH5D278T8;
				INFOPLIST_FILE = AiTmedPortal/Info.plist;
				LD_RUNPATH_SEARCH_PATHS = (
					"$(inherited)",
					"@executable_path/Frameworks",
				);
				PRODUCT_BUNDLE_IDENTIFIER = com.werurty.AiTmedPortal;
				PRODUCT_NAME = "$(TARGET_NAME)";
				SWIFT_VERSION = 5.0;
				TARGETED_DEVICE_FAMILY = "1,2";
			};
			name = Debug;
		};
		108ECF1722B6FFFA00A6A32A /* Release */ = {
			isa = XCBuildConfiguration;
			buildSettings = {
				ASSETCATALOG_COMPILER_APPICON_NAME = AppIcon;
				CODE_SIGN_STYLE = Automatic;
				DEVELOPMENT_TEAM = DKH5D278T8;
				INFOPLIST_FILE = AiTmedPortal/Info.plist;
				LD_RUNPATH_SEARCH_PATHS = (
					"$(inherited)",
					"@executable_path/Frameworks",
				);
				PRODUCT_BUNDLE_IDENTIFIER = com.werurty.AiTmedPortal;
				PRODUCT_NAME = "$(TARGET_NAME)";
				SWIFT_VERSION = 5.0;
				TARGETED_DEVICE_FAMILY = "1,2";
			};
			name = Release;
		};
/* End XCBuildConfiguration section */

/* Begin XCConfigurationList section */
		108ECEFE22B6FFF700A6A32A /* Build configuration list for PBXProject "AiTmedPortal" */ = {
			isa = XCConfigurationList;
			buildConfigurations = (
				108ECF1322B6FFFA00A6A32A /* Debug */,
				108ECF1422B6FFFA00A6A32A /* Release */,
			);
			defaultConfigurationIsVisible = 0;
			defaultConfigurationName = Release;
		};
		108ECF1522B6FFFA00A6A32A /* Build configuration list for PBXNativeTarget "AiTmedPortal" */ = {
			isa = XCConfigurationList;
			buildConfigurations = (
				108ECF1622B6FFFA00A6A32A /* Debug */,
				108ECF1722B6FFFA00A6A32A /* Release */,
			);
			defaultConfigurationIsVisible = 0;
			defaultConfigurationName = Release;
		};
/* End XCConfigurationList section */
	};
	rootObject = 108ECEFB22B6FFF700A6A32A /* Project object */;
}
